
Microsoft Visual Studio Solution File, Format Version 12.00
# Visual Studio Version 17
VisualStudioVersion = 17.2.32616.157
MinimumVisualStudioVersion = 10.0.40219.1
Project("{9A19103F-16F7-4668-BE54-9A1E7A4F7556}") = "TelegaBot4HealthClubFromCity", "TelegaBot4HealthClubFromCity.csproj", "{1D21A319-262D-48C5-8B05-A20A33C8858D}"
EndProject
Project("{2150E333-8FDC-42A3-9474-1A3956D46DE8}") = "Solution Items", "Solution Items", "{EBC15EFB-0811-4E4E-B308-2551AAEAAA09}"
	ProjectSection(SolutionItems) = preProject
		.editorconfig = .editorconfig
	EndProjectSection
EndProject
Global
	GlobalSection(SolutionConfigurationPlatforms) = preSolution
		Debug|Any CPU = Debug|Any CPU
		Release|Any CPU = Release|Any CPU
	EndGlobalSection
	GlobalSection(ProjectConfigurationPlatforms) = postSolution
		{1D21A319-262D-48C5-8B05-A20A33C8858D}.Debug|Any CPU.ActiveCfg = Debug|Any CPU
		{1D21A319-262D-48C5-8B05-A20A33C8858D}.Debug|Any CPU.Build.0 = Debug|Any CPU
		{1D21A319-262D-48C5-8B05-A20A33C8858D}.Release|Any CPU.ActiveCfg = Release|Any CPU
		{1D21A319-262D-48C5-8B05-A20A33C8858D}.Release|Any CPU.Build.0 = Release|Any CPU
	EndGlobalSection
	GlobalSection(SolutionProperties) = preSolution
		HideSolutionNode = FALSE
	EndGlobalSection
	GlobalSection(ExtensibilityGlobals) = postSolution
		SolutionGuid = {5B4428EF-D25F-40E6-9672-3BA25131A248}
	EndGlobalSection
EndGlobal
